PODS:
  - AFNetworking (4.0.1):
    - AFNetworking/NSURLSession (= 4.0.1)
    - AFNetworking/Reachability (= 4.0.1)
    - AFNetworking/Security (= 4.0.1)
    - AFNetworking/Serialization (= 4.0.1)
    - AFNetworking/UIKit (= 4.0.1)
  - AFNetworking/NSURLSession (4.0.1):
    - AFNetworking/Reachability
    - AFNetworking/Security
    - AFNetworking/Serialization
  - AFNetworking/Reachability (4.0.1)
  - AFNetworking/Security (4.0.1)
  - AFNetworking/Serialization (4.0.1)
  - AFNetworking/UIKit (4.0.1):
    - AFNetworking/NSURLSession
  - KKToolsLib (0.0.1):
    - MBProgressHUD
    - MyLayout
    - Realm
    - YYKit
  - MBProgressHUD (1.2.0)
  - MyLayout (1.9.10)
  - Realm (10.39.1):
    - Realm/Headers (= 10.39.1)
  - Realm/Headers (10.39.1)
  - YYKit (1.0.9):
    - YYKit/no-arc (= 1.0.9)
  - YYKit/no-arc (1.0.9)
  - ZBNetworking (1.0.3):
    - AFNetworking

DEPENDENCIES:
  - KKToolsLib (from `../`)
  - ZBNetworking (from `https://github.com/Suzhibin/ZBNetworking.git`)

SPEC REPOS:
  trunk:
    - AFNetworking
    - MBProgressHUD
    - MyLayout
    - Realm
    - YYKit

EXTERNAL SOURCES:
  KKToolsLib:
    :path: "../"
  ZBNetworking:
    :git: https://github.com/Suzhibin/ZBNetworking.git

CHECKOUT OPTIONS:
  ZBNetworking:
    :commit: a1994537b1e8aeeac87a5a7f567682142483902d
    :git: https://github.com/Suzhibin/ZBNetworking.git

SPEC CHECKSUMS:
  AFNetworking: 3bd23d814e976cd148d7d44c3ab78017b744cd58
  KKToolsLib: 294755935a4dc7d12a0986af42e707cd5a6f0b29
  MBProgressHUD: 3ee5efcc380f6a79a7cc9b363dd669c5e1ae7406
  MyLayout: 39ee012bd780936c973bdc5d8ce0f84e3de489d7
  Realm: 1f3157edf145f4d9036765ab550c8cb18f62b700
  YYKit: 7cda43304a8dc3696c449041e2cb3107b4e236e7
  ZBNetworking: 455aabd907f59adc97988b9241a031937ca102bc

PODFILE CHECKSUM: e3d60e531b71964eb17ca4f70cce76d96a5753dc

COCOAPODS: 1.12.1
